lockfileVersion: '6.0'

settings:
  autoInstallPeers: true
  excludeLinksFromLockfile: false

importers:
  .:
    devDependencies:
      '@types/node':
        specifier: ^20.10.0
        version: 20.10.0
      prettier:
        specifier: ^3.1.0
        version: 3.1.0
      turbo:
        specifier: ^2.0.0
        version: 2.0.0
      typescript:
        specifier: ^5.3.0
        version: 5.3.0

packages:
  /@types/node@20.10.0:
    resolution: {integrity: sha512-D0WfRmU9TQ8I9PFx9Yc+EBHw+vSpIub4IDvQivcp26PtPrdMGAq5SDcpXEo/epqa/DXotVpekHiLNTg3iaKXBQ==}
    dev: true

  /prettier@3.1.0:
    resolution: {integrity: sha512-TQLvXjq5IAibjh8EpBIkNKxO749UEWABoiIZehEPiY4GNpVdhaFKqSTu+QrlU6D2dPAfubRmtJTi4K4YkQ5eXw==}
    engines: {node: '>=14'}
    hasBin: true
    dev: true

  /turbo@2.0.0:
    resolution: {integrity: sha512-example==}
    engines: {node: '>=18'}
    hasBin: true
    dev: true

  /typescript@5.3.0:
    resolution: {integrity: sha512-example==}
    engines: {node: '>=14.17'}
    hasBin: true
    dev: true
